apiVersion: vendir.k14s.io/v1alpha1
directories:
- contents:
  - githubRelease:
      tag: v1.11.5
      url: https://api.github.com/repos/kyverno/kyverno/releases/154920993
    path: .
  path: carvel-packages/installer/bundle/config/ytt/_ytt_lib/packages/kyverno/upstream
- contents:
  - git:
      commitTitle: 'chore: add script to update artifacthub digest (#769)...'
      sha: fdc508b26a696ceb2cd3ae481d1f2c660dda59d0
    path: .
  path: carvel-packages/installer/bundle/config/ytt/_ytt_lib/packages/educates/_ytt_lib/kyverno-restricted/upstream
- contents:
  - git:
      commitTitle: 'chore: add script to update artifacthub digest (#769)...'
      sha: fdc508b26a696ceb2cd3ae481d1f2c660dda59d0
    path: .
  path: carvel-packages/installer/bundle/config/ytt/_ytt_lib/packages/educates/_ytt_lib/kyverno-baseline/upstream
- contents:
  - git:
      commitTitle: 'chore: add script to update artifacthub digest (#769)...'
      sha: fdc508b26a696ceb2cd3ae481d1f2c660dda59d0
    path: .
  path: carvel-packages/installer/bundle/config/ytt/_ytt_lib/packages/educates/_ytt_lib/kyverno-policies/upstream
- contents:
  - githubRelease:
      tag: v1.14.7
      url: https://api.github.com/repos/cert-manager/cert-manager/releases/161627002
    path: .
  path: carvel-packages/installer/bundle/config/ytt/_ytt_lib/packages/cert-manager/upstream
- contents:
  - git:
      commitTitle: Update Contour Docker image to v1.28.5....
      sha: 1f4fe0502fe35c3726bee77f4f9ea06ac4c2f34d
      tags:
      - v1.28.5
    path: .
  path: carvel-packages/installer/bundle/config/ytt/_ytt_lib/packages/contour/upstream
- contents:
  - git:
      commitTitle: 'Merge pull request #4476 from mloiseleur/fix/deps-upgrade...'
      sha: e490412e6c44459524147febd140f4584d266fc5
      tags:
      - v0.14.2
    path: .
  path: carvel-packages/installer/bundle/config/ytt/_ytt_lib/packages/external-dns/upstream
- contents:
  - githubRelease:
      tag: v0.52.0
      url: https://api.github.com/repos/carvel-dev/kapp-controller/releases/155438864
    path: .
  path: carvel-packages/installer/bundle/config/ytt/_ytt_lib/packages/kapp-controller/upstream
kind: LockConfig
