apiVersion: vendir.k14s.io/v1alpha1
directories:
- contents:
  - git:
      commitTitle: 'chore(release): 4.2.0...'
      sha: 5e58e73fda5da5fa4871e4aad3281b9af1777927
      tags:
      - v4.2.0
    path: .
  path: carvel-packages/cluster-essentials/bundle/config/_ytt_lib/metacontroller/_ytt_lib/upstream
- contents:
  - git:
      commitTitle: tag v1.6.2 (#3511)...
      sha: 4b2bf039f6f04cc02cf89dae7e15f8bc17b2ad78
      tags:
      - v1.6.2
    path: .
  path: carvel-packages/cluster-essentials/bundle/config/_ytt_lib/kyverno/_ytt_lib/upstream
- contents:
  - git:
      commitTitle: validate namespace and allow not system namespace to create (#5654)
      sha: cb48bbcc25754212c5948a529fcfe8974ecbf74d
      tags:
      - v0.13.0-dev.2-555-gcb48bbcc
    path: .
  path: carvel-packages/cluster-essentials/bundle/config/_ytt_lib/contour/_ytt_lib/upstream
- contents:
  - git:
      commitTitle: 'Merge pull request #317 from smcaine/update-check-deprecated-apis...'
      sha: 6abd32f8a03c0f98d8d5e90791e53e00d05a4e3e
    path: .
  path: carvel-packages/training-platform/bundle/config/_ytt_lib/kyverno-restricted/_ytt_lib/upstream
- contents:
  - git:
      commitTitle: 'Merge pull request #317 from smcaine/update-check-deprecated-apis...'
      sha: 6abd32f8a03c0f98d8d5e90791e53e00d05a4e3e
    path: .
  path: carvel-packages/training-platform/bundle/config/_ytt_lib/kyverno-baseline/_ytt_lib/upstream
- contents:
  - git:
      commitTitle: 'Merge pull request #317 from smcaine/update-check-deprecated-apis...'
      sha: 6abd32f8a03c0f98d8d5e90791e53e00d05a4e3e
    path: .
  path: carvel-packages/training-platform/bundle/config/_ytt_lib/kyverno-policies/_ytt_lib/upstream
kind: LockConfig
